{
  "name": "ng-volar-test-case",
  "version": "0.0.0",
  "lockfileVersion": 3,
  "requires": true,
  "packages": {
    "": {
      "name": "ng-volar-test-case",
      "version": "0.0.0",
      "dependencies": {
        "@angular/core": "17.1.1"
      },
      "devDependencies": {
        "typescript": "5.3.3",
        "ws-typescript-angular-plugin": "file://./ws-typescript-angular-plugin"
      }
    },
    "@volar/language-core": {
      "version": "2.3.0-alpha.7",
      "dev": true,
      "license": "MIT",
      "dependencies": {
        "@volar/source-map": "../source-map"
      }
    },
    "@volar/source-map": {
      "version": "2.3.0-alpha.7",
      "dev": true,
      "license": "MIT",
      "dependencies": {
        "muggle-string": "^0.4.0"
      }
    },
    "@volar/typescript": {
      "version": "2.3.0-alpha.7",
      "dev": true,
      "license": "MIT",
      "dependencies": {
        "@volar/language-core": "../language-core",
        "path-browserify": "^1.0.1",
        "vscode-uri": "^3.0.8"
      }
    },
    "node_modules/@angular/core": {
      "version": "17.1.1",
      "resolved": "https://registry.npmjs.org/@angular/core/-/core-17.1.1.tgz",
      "integrity": "sha512-JtNYM9eHr8eUSrGPq/kn0+/F+TSZ7EBWxZhM1ZndOlGu1gA4fGhrDid4ZXIHIs07DbM4NZjMn+LhRyx02YDsSA==",
      "dependencies": {
        "tslib": "^2.3.0"
      },
      "engines": {
        "node": "^18.13.0 || >=20.9.0"
      },
      "peerDependencies": {
        "rxjs": "^6.5.3 || ^7.4.0",
        "zone.js": "~0.14.0"
      }
    },
    "node_modules/@types/node": {
      "version": "18.19.34",
      "resolved": "https://registry.npmjs.org/@types/node/-/node-18.19.34.tgz",
      "integrity": "sha512-eXF4pfBNV5DAMKGbI02NnDtWrQ40hAN558/2vvS4gMpMIxaf6JmD7YjnZbq0Q9TDSSkKBamime8ewRoomHdt4g==",
      "dev": true,
      "dependencies": {
        "undici-types": "~5.26.4"
      }
    },
    "node_modules/@volar/language-core": {
      "resolved": "@volar/language-core",
      "link": true
    },
    "node_modules/@volar/source-map": {
      "resolved": "@volar/source-map",
      "link": true
    },
    "node_modules/@volar/typescript": {
      "resolved": "@volar/typescript",
      "link": true
    },
    "node_modules/muggle-string": {
      "version": "0.4.1",
      "resolved": "https://registry.npmjs.org/muggle-string/-/muggle-string-0.4.1.tgz",
      "integrity": "sha512-VNTrAak/KhO2i8dqqnqnAHOa3cYBwXEZe9h+D5h/1ZqFSTEFHdM65lR7RoIqq3tBBYavsOXV84NoHXZ0AkPyqQ==",
      "dev": true
    },
    "node_modules/path-browserify": {
      "version": "1.0.1",
      "resolved": "https://registry.npmjs.org/path-browserify/-/path-browserify-1.0.1.tgz",
      "integrity": "sha512-b7uo2UCUOYZcnF/3ID0lulOJi/bafxa1xPe7ZPsammBSpjSWQkjNxlt635YGS2MiR9GjvuXCtz2emr3jbsz98g==",
      "dev": true
    },
    "node_modules/rxjs": {
      "version": "7.8.1",
      "resolved": "https://registry.npmjs.org/rxjs/-/rxjs-7.8.1.tgz",
      "integrity": "sha512-AA3TVj+0A2iuIoQkWEK/tqFjBq2j+6PO6Y0zJcvzLAFhEFIO3HL0vls9hWLncZbAAbK0mar7oZ4V079I/qPMxg==",
      "peer": true,
      "dependencies": {
        "tslib": "^2.1.0"
      }
    },
    "node_modules/tslib": {
      "version": "2.6.3",
      "resolved": "https://registry.npmjs.org/tslib/-/tslib-2.6.3.tgz",
      "integrity": "sha512-xNvxJEOUiWPGhUuUdQgAJPKOOJfGnIyKySOc09XkKsgdUV/3E2zvwZYdejjmRgPCgcym1juLH3226yA7sEFJKQ=="
    },
    "node_modules/typescript": {
      "version": "5.3.3",
      "resolved": "https://registry.npmjs.org/typescript/-/typescript-5.3.3.tgz",
      "integrity": "sha512-pXWcraxM0uxAS+tN0AG/BF2TyqmHO014Z070UsJ+pFvYuRSq8KH8DmWpnbXe0pEPDHXZV3FcAbJkijJ5oNEnWw==",
      "dev": true,
      "bin": {
        "tsc": "bin/tsc",
        "tsserver": "bin/tsserver"
      },
      "engines": {
        "node": ">=14.17"
      }
    },
    "node_modules/undici-types": {
      "version": "5.26.5",
      "resolved": "https://registry.npmjs.org/undici-types/-/undici-types-5.26.5.tgz",
      "integrity": "sha512-JlCMO+ehdEIKqlFxk6IfVoAUVmgz7cU7zD/h9XZ0qzeosSHmUJVOzSQvvYSYWXkFXC+IfLKSIffhv0sVZup6pA==",
      "dev": true
    },
    "node_modules/vscode-uri": {
      "version": "3.0.8",
      "resolved": "https://registry.npmjs.org/vscode-uri/-/vscode-uri-3.0.8.tgz",
      "integrity": "sha512-AyFQ0EVmsOZOlAnxoFOGOq1SQDWAB7C6aqMGS23svWAllfOaxbuFvcT8D1i8z3Gyn8fraVeZNNmN6e9bxxXkKw==",
      "dev": true
    },
    "node_modules/ws-typescript-angular-plugin": {
      "resolved": "ws-typescript-angular-plugin",
      "link": true
    },
    "node_modules/zone.js": {
      "version": "0.14.7",
      "resolved": "https://registry.npmjs.org/zone.js/-/zone.js-0.14.7.tgz",
      "integrity": "sha512-0w6DGkX2BPuiK/NLf+4A8FLE43QwBfuqz2dVgi/40Rj1WmqUskCqj329O/pwrqFJLG5X8wkeG2RhIAro441xtg==",
      "peer": true
    },
    "ws-typescript-angular-plugin": {
      "version": "0.0.1",
      "dev": true,
      "dependencies": {
        "@volar/typescript": "../@volar/typescript",
        "typescript": "^5.1.0"
      },
      "devDependencies": {
        "@types/node": "^18.13.10"
      }
    }
  }
}
